
Microsoft Visual Studio Solution File, Format Version 12.00
# Visual Studio 14
VisualStudioVersion = 14.0.25420.1
MinimumVisualStudioVersion = 10.0.40219.1
Project("{FAE04EC0-301F-11D3-BF4B-00C04F79EFBC}") = "WEBAPI", "WEBAPI\WEBAPI.csproj", "{9AB2F8FB-6FEA-49E4-95C3-28AC18B58BEE}"
EndProject
Project("{FAE04EC0-301F-11D3-BF4B-00C04F79EFBC}") = "WEBUI", "WEBUI\WEBUI.csproj", "{A950A9AA-04FA-4DD7-8429-F0F1B0B897E1}"
EndProject
Project("{FAE04EC0-301F-11D3-BF4B-00C04F79EFBC}") = "BLL", "BLL\BLL.csproj", "{2B40AF44-9064-46C7-88F1-4E52E5A4092C}"
EndProject
Project("{FAE04EC0-301F-11D3-BF4B-00C04F79EFBC}") = "DAL", "DAL\DAL.csproj", "{47348971-3003-455E-8D25-6B8034E778B7}"
EndProject
Global
	GlobalSection(SolutionConfigurationPlatforms) = preSolution
		Debug|Any CPU = Debug|Any CPU
		Release|Any CPU = Release|Any CPU
	EndGlobalSection
	GlobalSection(ProjectConfigurationPlatforms) = postSolution
		{9AB2F8FB-6FEA-49E4-95C3-28AC18B58BEE}.Debug|Any CPU.ActiveCfg = Debug|Any CPU
		{9AB2F8FB-6FEA-49E4-95C3-28AC18B58BEE}.Debug|Any CPU.Build.0 = Debug|Any CPU
		{9AB2F8FB-6FEA-49E4-95C3-28AC18B58BEE}.Release|Any CPU.ActiveCfg = Release|Any CPU
		{9AB2F8FB-6FEA-49E4-95C3-28AC18B58BEE}.Release|Any CPU.Build.0 = Release|Any CPU
		{A950A9AA-04FA-4DD7-8429-F0F1B0B897E1}.Debug|Any CPU.ActiveCfg = Debug|Any CPU
		{A950A9AA-04FA-4DD7-8429-F0F1B0B897E1}.Debug|Any CPU.Build.0 = Debug|Any CPU
		{A950A9AA-04FA-4DD7-8429-F0F1B0B897E1}.Release|Any CPU.ActiveCfg = Release|Any CPU
		{A950A9AA-04FA-4DD7-8429-F0F1B0B897E1}.Release|Any CPU.Build.0 = Release|Any CPU
		{2B40AF44-9064-46C7-88F1-4E52E5A4092C}.Debug|Any CPU.ActiveCfg = Debug|Any CPU
		{2B40AF44-9064-46C7-88F1-4E52E5A4092C}.Debug|Any CPU.Build.0 = Debug|Any CPU
		{2B40AF44-9064-46C7-88F1-4E52E5A4092C}.Release|Any CPU.ActiveCfg = Release|Any CPU
		{2B40AF44-9064-46C7-88F1-4E52E5A4092C}.Release|Any CPU.Build.0 = Release|Any CPU
		{47348971-3003-455E-8D25-6B8034E778B7}.Debug|Any CPU.ActiveCfg = Debug|Any CPU
		{47348971-3003-455E-8D25-6B8034E778B7}.Debug|Any CPU.Build.0 = Debug|Any CPU
		{47348971-3003-455E-8D25-6B8034E778B7}.Release|Any CPU.ActiveCfg = Release|Any CPU
		{47348971-3003-455E-8D25-6B8034E778B7}.Release|Any CPU.Build.0 = Release|Any CPU
	EndGlobalSection
	GlobalSection(SolutionProperties) = preSolution
		HideSolutionNode = FALSE
	EndGlobalSection
EndGlobal
